
Microsoft Visual Studio Solution File, Format Version 12.00
# Visual Studio Version 17
VisualStudioVersion = 17.0.31903.59
MinimumVisualStudioVersion = 10.0.40219.1
Project("{2150E333-8FDC-42A3-9474-1A3956D46DE8}") = "src", "src", "{827E0CD3-B72D-47B6-A68D-7590B98EB39B}"
EndProject
Project("{FAE04EC0-301F-11D3-BF4B-00C04F79EFBC}") = "TimeDete.Time.Primitives", "src\TimeDete.Time.Primitives\TimeDete.Time.Primitives.csproj", "{AFAF824E-820E-4E53-824C-17B066DA018F}"
EndProject
Project("{FAE04EC0-301F-11D3-BF4B-00C04F79EFBC}") = "TimeDete.Time", "src\TimeDete.Time\TimeDete.Time.csproj", "{1F366A60-661F-40F2-AE8E-19F7A611CC58}"
EndProject
Project("{FAE04EC0-301F-11D3-BF4B-00C04F79EFBC}") = "TimeDete.Time.Runtime", "src\TimeDete.Time.Runtime\TimeDete.Time.Runtime.csproj", "{B8F504D1-A990-4388-AD89-6629389384D2}"
EndProject
Project("{FAE04EC0-301F-11D3-BF4B-00C04F79EFBC}") = "TimeDete.Determinism.Abstractions", "src\TimeDete.Determinism.Abstractions\TimeDete.Determinism.Abstractions.csproj", "{50A535F2-A81D-4E3A-90EA-BF3DF30F0C8A}"
EndProject
Project("{FAE04EC0-301F-11D3-BF4B-00C04F79EFBC}") = "TimeDete.Determinism.Pcg", "src\TimeDete.Determinism.Pcg\TimeDete.Determinism.Pcg.csproj", "{043BABA5-7D18-49DC-B93A-46204743BF80}"
EndProject
Project("{FAE04EC0-301F-11D3-BF4B-00C04F79EFBC}") = "TimeDete.Traceability.HashChain", "src\TimeDete.Traceability.HashChain\TimeDete.Traceability.HashChain.csproj", "{E91173EF-3346-4747-88BC-3E6F7662BB92}"
EndProject
Project("{2150E333-8FDC-42A3-9474-1A3956D46DE8}") = "tests", "tests", "{0AB3BF05-4346-4AA6-1389-037BE0695223}"
EndProject
Project("{FAE04EC0-301F-11D3-BF4B-00C04F79EFBC}") = "TimeDete.Time.Tests", "tests\TimeDete.Time.Tests\TimeDete.Time.Tests.csproj", "{58845A9E-E22F-4E2C-B075-686A94A7036D}"
EndProject
Project("{FAE04EC0-301F-11D3-BF4B-00C04F79EFBC}") = "TimeDete.Traceability.HashChain.Tests", "tests\TimeDete.Traceability.HashChain.Tests\TimeDete.Traceability.HashChain.Tests.csproj", "{BF86CC89-151D-4C71-AD43-EACE6E992CB0}"
EndProject
Project("{FAE04EC0-301F-11D3-BF4B-00C04F79EFBC}") = "TimeDete.Traceability.Hashing", "src\TimeDete.Traceability.Hashing\TimeDete.Traceability.Hashing.csproj", "{C374C0F8-7BC9-43E8-A4D8-36B80DC4CA72}"
EndProject
Project("{FAE04EC0-301F-11D3-BF4B-00C04F79EFBC}") = "General.NamespaceUsingScope", "..\..\plate-shared\dotnet\source-generators\General.NamespaceUsingScope.Set\General.NamespaceUsingScope\General.NamespaceUsingScope.csproj", "{11694A28-6FA8-4996-AC72-5B082CD000ED}"
EndProject
Global
	GlobalSection(SolutionConfigurationPlatforms) = preSolution
		Debug|Any CPU = Debug|Any CPU
		Debug|x64 = Debug|x64
		Debug|x86 = Debug|x86
		Release|Any CPU = Release|Any CPU
		Release|x64 = Release|x64
		Release|x86 = Release|x86
	EndGlobalSection
	GlobalSection(ProjectConfigurationPlatforms) = postSolution
		{AFAF824E-820E-4E53-824C-17B066DA018F}.Debug|Any CPU.ActiveCfg = Debug|Any CPU
		{AFAF824E-820E-4E53-824C-17B066DA018F}.Debug|Any CPU.Build.0 = Debug|Any CPU
		{AFAF824E-820E-4E53-824C-17B066DA018F}.Debug|x64.ActiveCfg = Debug|Any CPU
		{AFAF824E-820E-4E53-824C-17B066DA018F}.Debug|x64.Build.0 = Debug|Any CPU
		{AFAF824E-820E-4E53-824C-17B066DA018F}.Debug|x86.ActiveCfg = Debug|Any CPU
		{AFAF824E-820E-4E53-824C-17B066DA018F}.Debug|x86.Build.0 = Debug|Any CPU
		{AFAF824E-820E-4E53-824C-17B066DA018F}.Release|Any CPU.ActiveCfg = Release|Any CPU
		{AFAF824E-820E-4E53-824C-17B066DA018F}.Release|Any CPU.Build.0 = Release|Any CPU
		{AFAF824E-820E-4E53-824C-17B066DA018F}.Release|x64.ActiveCfg = Release|Any CPU
		{AFAF824E-820E-4E53-824C-17B066DA018F}.Release|x64.Build.0 = Release|Any CPU
		{AFAF824E-820E-4E53-824C-17B066DA018F}.Release|x86.ActiveCfg = Release|Any CPU
		{AFAF824E-820E-4E53-824C-17B066DA018F}.Release|x86.Build.0 = Release|Any CPU
		{1F366A60-661F-40F2-AE8E-19F7A611CC58}.Debug|Any CPU.ActiveCfg = Debug|Any CPU
		{1F366A60-661F-40F2-AE8E-19F7A611CC58}.Debug|Any CPU.Build.0 = Debug|Any CPU
		{1F366A60-661F-40F2-AE8E-19F7A611CC58}.Debug|x64.ActiveCfg = Debug|Any CPU
		{1F366A60-661F-40F2-AE8E-19F7A611CC58}.Debug|x64.Build.0 = Debug|Any CPU
		{1F366A60-661F-40F2-AE8E-19F7A611CC58}.Debug|x86.ActiveCfg = Debug|Any CPU
		{1F366A60-661F-40F2-AE8E-19F7A611CC58}.Debug|x86.Build.0 = Debug|Any CPU
		{1F366A60-661F-40F2-AE8E-19F7A611CC58}.Release|Any CPU.ActiveCfg = Release|Any CPU
		{1F366A60-661F-40F2-AE8E-19F7A611CC58}.Release|Any CPU.Build.0 = Release|Any CPU
		{1F366A60-661F-40F2-AE8E-19F7A611CC58}.Release|x64.ActiveCfg = Release|Any CPU
		{1F366A60-661F-40F2-AE8E-19F7A611CC58}.Release|x64.Build.0 = Release|Any CPU
		{1F366A60-661F-40F2-AE8E-19F7A611CC58}.Release|x86.ActiveCfg = Release|Any CPU
		{1F366A60-661F-40F2-AE8E-19F7A611CC58}.Release|x86.Build.0 = Release|Any CPU
		{B8F504D1-A990-4388-AD89-6629389384D2}.Debug|Any CPU.ActiveCfg = Debug|Any CPU
		{B8F504D1-A990-4388-AD89-6629389384D2}.Debug|Any CPU.Build.0 = Debug|Any CPU
		{B8F504D1-A990-4388-AD89-6629389384D2}.Debug|x64.ActiveCfg = Debug|Any CPU
		{B8F504D1-A990-4388-AD89-6629389384D2}.Debug|x64.Build.0 = Debug|Any CPU
		{B8F504D1-A990-4388-AD89-6629389384D2}.Debug|x86.ActiveCfg = Debug|Any CPU
		{B8F504D1-A990-4388-AD89-6629389384D2}.Debug|x86.Build.0 = Debug|Any CPU
		{B8F504D1-A990-4388-AD89-6629389384D2}.Release|Any CPU.ActiveCfg = Release|Any CPU
		{B8F504D1-A990-4388-AD89-6629389384D2}.Release|Any CPU.Build.0 = Release|Any CPU
		{B8F504D1-A990-4388-AD89-6629389384D2}.Release|x64.ActiveCfg = Release|Any CPU
		{B8F504D1-A990-4388-AD89-6629389384D2}.Release|x64.Build.0 = Release|Any CPU
		{B8F504D1-A990-4388-AD89-6629389384D2}.Release|x86.ActiveCfg = Release|Any CPU
		{B8F504D1-A990-4388-AD89-6629389384D2}.Release|x86.Build.0 = Release|Any CPU
		{50A535F2-A81D-4E3A-90EA-BF3DF30F0C8A}.Debug|Any CPU.ActiveCfg = Debug|Any CPU
		{50A535F2-A81D-4E3A-90EA-BF3DF30F0C8A}.Debug|Any CPU.Build.0 = Debug|Any CPU
		{50A535F2-A81D-4E3A-90EA-BF3DF30F0C8A}.Debug|x64.ActiveCfg = Debug|Any CPU
		{50A535F2-A81D-4E3A-90EA-BF3DF30F0C8A}.Debug|x64.Build.0 = Debug|Any CPU
		{50A535F2-A81D-4E3A-90EA-BF3DF30F0C8A}.Debug|x86.ActiveCfg = Debug|Any CPU
		{50A535F2-A81D-4E3A-90EA-BF3DF30F0C8A}.Debug|x86.Build.0 = Debug|Any CPU
		{50A535F2-A81D-4E3A-90EA-BF3DF30F0C8A}.Release|Any CPU.ActiveCfg = Release|Any CPU
		{50A535F2-A81D-4E3A-90EA-BF3DF30F0C8A}.Release|Any CPU.Build.0 = Release|Any CPU
		{50A535F2-A81D-4E3A-90EA-BF3DF30F0C8A}.Release|x64.ActiveCfg = Release|Any CPU
		{50A535F2-A81D-4E3A-90EA-BF3DF30F0C8A}.Release|x64.Build.0 = Release|Any CPU
		{50A535F2-A81D-4E3A-90EA-BF3DF30F0C8A}.Release|x86.ActiveCfg = Release|Any CPU
		{50A535F2-A81D-4E3A-90EA-BF3DF30F0C8A}.Release|x86.Build.0 = Release|Any CPU
		{043BABA5-7D18-49DC-B93A-46204743BF80}.Debug|Any CPU.ActiveCfg = Debug|Any CPU
		{043BABA5-7D18-49DC-B93A-46204743BF80}.Debug|Any CPU.Build.0 = Debug|Any CPU
		{043BABA5-7D18-49DC-B93A-46204743BF80}.Debug|x64.ActiveCfg = Debug|Any CPU
		{043BABA5-7D18-49DC-B93A-46204743BF80}.Debug|x64.Build.0 = Debug|Any CPU
		{043BABA5-7D18-49DC-B93A-46204743BF80}.Debug|x86.ActiveCfg = Debug|Any CPU
		{043BABA5-7D18-49DC-B93A-46204743BF80}.Debug|x86.Build.0 = Debug|Any CPU
		{043BABA5-7D18-49DC-B93A-46204743BF80}.Release|Any CPU.ActiveCfg = Release|Any CPU
		{043BABA5-7D18-49DC-B93A-46204743BF80}.Release|Any CPU.Build.0 = Release|Any CPU
		{043BABA5-7D18-49DC-B93A-46204743BF80}.Release|x64.ActiveCfg = Release|Any CPU
		{043BABA5-7D18-49DC-B93A-46204743BF80}.Release|x64.Build.0 = Release|Any CPU
		{043BABA5-7D18-49DC-B93A-46204743BF80}.Release|x86.ActiveCfg = Release|Any CPU
		{043BABA5-7D18-49DC-B93A-46204743BF80}.Release|x86.Build.0 = Release|Any CPU
		{E91173EF-3346-4747-88BC-3E6F7662BB92}.Debug|Any CPU.ActiveCfg = Debug|Any CPU
		{E91173EF-3346-4747-88BC-3E6F7662BB92}.Debug|Any CPU.Build.0 = Debug|Any CPU
		{E91173EF-3346-4747-88BC-3E6F7662BB92}.Debug|x64.ActiveCfg = Debug|Any CPU
		{E91173EF-3346-4747-88BC-3E6F7662BB92}.Debug|x64.Build.0 = Debug|Any CPU
		{E91173EF-3346-4747-88BC-3E6F7662BB92}.Debug|x86.ActiveCfg = Debug|Any CPU
		{E91173EF-3346-4747-88BC-3E6F7662BB92}.Debug|x86.Build.0 = Debug|Any CPU
		{E91173EF-3346-4747-88BC-3E6F7662BB92}.Release|Any CPU.ActiveCfg = Release|Any CPU
		{E91173EF-3346-4747-88BC-3E6F7662BB92}.Release|Any CPU.Build.0 = Release|Any CPU
		{E91173EF-3346-4747-88BC-3E6F7662BB92}.Release|x64.ActiveCfg = Release|Any CPU
		{E91173EF-3346-4747-88BC-3E6F7662BB92}.Release|x64.Build.0 = Release|Any CPU
		{E91173EF-3346-4747-88BC-3E6F7662BB92}.Release|x86.ActiveCfg = Release|Any CPU
		{E91173EF-3346-4747-88BC-3E6F7662BB92}.Release|x86.Build.0 = Release|Any CPU
		{58845A9E-E22F-4E2C-B075-686A94A7036D}.Debug|Any CPU.ActiveCfg = Debug|Any CPU
		{58845A9E-E22F-4E2C-B075-686A94A7036D}.Debug|Any CPU.Build.0 = Debug|Any CPU
		{58845A9E-E22F-4E2C-B075-686A94A7036D}.Debug|x64.ActiveCfg = Debug|Any CPU
		{58845A9E-E22F-4E2C-B075-686A94A7036D}.Debug|x64.Build.0 = Debug|Any CPU
		{58845A9E-E22F-4E2C-B075-686A94A7036D}.Debug|x86.ActiveCfg = Debug|Any CPU
		{58845A9E-E22F-4E2C-B075-686A94A7036D}.Debug|x86.Build.0 = Debug|Any CPU
		{58845A9E-E22F-4E2C-B075-686A94A7036D}.Release|Any CPU.ActiveCfg = Release|Any CPU
		{58845A9E-E22F-4E2C-B075-686A94A7036D}.Release|Any CPU.Build.0 = Release|Any CPU
		{58845A9E-E22F-4E2C-B075-686A94A7036D}.Release|x64.ActiveCfg = Release|Any CPU
		{58845A9E-E22F-4E2C-B075-686A94A7036D}.Release|x64.Build.0 = Release|Any CPU
		{58845A9E-E22F-4E2C-B075-686A94A7036D}.Release|x86.ActiveCfg = Release|Any CPU
		{58845A9E-E22F-4E2C-B075-686A94A7036D}.Release|x86.Build.0 = Release|Any CPU
		{BF86CC89-151D-4C71-AD43-EACE6E992CB0}.Debug|Any CPU.ActiveCfg = Debug|Any CPU
		{BF86CC89-151D-4C71-AD43-EACE6E992CB0}.Debug|Any CPU.Build.0 = Debug|Any CPU
		{BF86CC89-151D-4C71-AD43-EACE6E992CB0}.Debug|x64.ActiveCfg = Debug|Any CPU
		{BF86CC89-151D-4C71-AD43-EACE6E992CB0}.Debug|x64.Build.0 = Debug|Any CPU
		{BF86CC89-151D-4C71-AD43-EACE6E992CB0}.Debug|x86.ActiveCfg = Debug|Any CPU
		{BF86CC89-151D-4C71-AD43-EACE6E992CB0}.Debug|x86.Build.0 = Debug|Any CPU
		{BF86CC89-151D-4C71-AD43-EACE6E992CB0}.Release|Any CPU.ActiveCfg = Release|Any CPU
		{BF86CC89-151D-4C71-AD43-EACE6E992CB0}.Release|Any CPU.Build.0 = Release|Any CPU
		{BF86CC89-151D-4C71-AD43-EACE6E992CB0}.Release|x64.ActiveCfg = Release|Any CPU
		{BF86CC89-151D-4C71-AD43-EACE6E992CB0}.Release|x64.Build.0 = Release|Any CPU
		{BF86CC89-151D-4C71-AD43-EACE6E992CB0}.Release|x86.ActiveCfg = Release|Any CPU
		{BF86CC89-151D-4C71-AD43-EACE6E992CB0}.Release|x86.Build.0 = Release|Any CPU
		{C374C0F8-7BC9-43E8-A4D8-36B80DC4CA72}.Debug|Any CPU.ActiveCfg = Debug|Any CPU
		{C374C0F8-7BC9-43E8-A4D8-36B80DC4CA72}.Debug|Any CPU.Build.0 = Debug|Any CPU
		{C374C0F8-7BC9-43E8-A4D8-36B80DC4CA72}.Debug|x64.ActiveCfg = Debug|Any CPU
		{C374C0F8-7BC9-43E8-A4D8-36B80DC4CA72}.Debug|x64.Build.0 = Debug|Any CPU
		{C374C0F8-7BC9-43E8-A4D8-36B80DC4CA72}.Debug|x86.ActiveCfg = Debug|Any CPU
		{C374C0F8-7BC9-43E8-A4D8-36B80DC4CA72}.Debug|x86.Build.0 = Debug|Any CPU
		{C374C0F8-7BC9-43E8-A4D8-36B80DC4CA72}.Release|Any CPU.ActiveCfg = Release|Any CPU
		{C374C0F8-7BC9-43E8-A4D8-36B80DC4CA72}.Release|Any CPU.Build.0 = Release|Any CPU
		{C374C0F8-7BC9-43E8-A4D8-36B80DC4CA72}.Release|x64.ActiveCfg = Release|Any CPU
		{C374C0F8-7BC9-43E8-A4D8-36B80DC4CA72}.Release|x64.Build.0 = Release|Any CPU
		{C374C0F8-7BC9-43E8-A4D8-36B80DC4CA72}.Release|x86.ActiveCfg = Release|Any CPU
		{C374C0F8-7BC9-43E8-A4D8-36B80DC4CA72}.Release|x86.Build.0 = Release|Any CPU
		{11694A28-6FA8-4996-AC72-5B082CD000ED}.Debug|Any CPU.ActiveCfg = Debug|Any CPU
		{11694A28-6FA8-4996-AC72-5B082CD000ED}.Debug|Any CPU.Build.0 = Debug|Any CPU
		{11694A28-6FA8-4996-AC72-5B082CD000ED}.Debug|x64.ActiveCfg = Debug|Any CPU
		{11694A28-6FA8-4996-AC72-5B082CD000ED}.Debug|x64.Build.0 = Debug|Any CPU
		{11694A28-6FA8-4996-AC72-5B082CD000ED}.Debug|x86.ActiveCfg = Debug|Any CPU
		{11694A28-6FA8-4996-AC72-5B082CD000ED}.Debug|x86.Build.0 = Debug|Any CPU
		{11694A28-6FA8-4996-AC72-5B082CD000ED}.Release|Any CPU.ActiveCfg = Release|Any CPU
		{11694A28-6FA8-4996-AC72-5B082CD000ED}.Release|Any CPU.Build.0 = Release|Any CPU
		{11694A28-6FA8-4996-AC72-5B082CD000ED}.Release|x64.ActiveCfg = Release|Any CPU
		{11694A28-6FA8-4996-AC72-5B082CD000ED}.Release|x64.Build.0 = Release|Any CPU
		{11694A28-6FA8-4996-AC72-5B082CD000ED}.Release|x86.ActiveCfg = Release|Any CPU
		{11694A28-6FA8-4996-AC72-5B082CD000ED}.Release|x86.Build.0 = Release|Any CPU
	EndGlobalSection
	GlobalSection(SolutionProperties) = preSolution
		HideSolutionNode = FALSE
	EndGlobalSection
	GlobalSection(NestedProjects) = preSolution
		{AFAF824E-820E-4E53-824C-17B066DA018F} = {827E0CD3-B72D-47B6-A68D-7590B98EB39B}
		{1F366A60-661F-40F2-AE8E-19F7A611CC58} = {827E0CD3-B72D-47B6-A68D-7590B98EB39B}
		{B8F504D1-A990-4388-AD89-6629389384D2} = {827E0CD3-B72D-47B6-A68D-7590B98EB39B}
		{50A535F2-A81D-4E3A-90EA-BF3DF30F0C8A} = {827E0CD3-B72D-47B6-A68D-7590B98EB39B}
		{043BABA5-7D18-49DC-B93A-46204743BF80} = {827E0CD3-B72D-47B6-A68D-7590B98EB39B}
		{E91173EF-3346-4747-88BC-3E6F7662BB92} = {827E0CD3-B72D-47B6-A68D-7590B98EB39B}
		{58845A9E-E22F-4E2C-B075-686A94A7036D} = {0AB3BF05-4346-4AA6-1389-037BE0695223}
		{BF86CC89-151D-4C71-AD43-EACE6E992CB0} = {0AB3BF05-4346-4AA6-1389-037BE0695223}
		{C374C0F8-7BC9-43E8-A4D8-36B80DC4CA72} = {827E0CD3-B72D-47B6-A68D-7590B98EB39B}
		{11694A28-6FA8-4996-AC72-5B082CD000ED} = {827E0CD3-B72D-47B6-A68D-7590B98EB39B}
	EndGlobalSection
EndGlobal
